
Microsoft Visual Studio Solution File, Format Version 12.00
# Visual Studio Version 17
VisualStudioVersion = 17.10.35122.118
MinimumVisualStudioVersion = 10.0.40219.1
Project("{FAE04EC0-301F-11D3-BF4B-00C04F79EFBC}") = "LevelTwoMVC", "LevelTwoMVC\LevelTwoMVC.csproj", "{FBDA2577-4912-453E-9982-0E5692EA3D7F}"
EndProject
Global
	GlobalSection(SolutionConfigurationPlatforms) = preSolution
		Debug|Any CPU = Debug|Any CPU
		Release|Any CPU = Release|Any CPU
	EndGlobalSection
	GlobalSection(ProjectConfigurationPlatforms) = postSolution
		{FBDA2577-4912-453E-9982-0E5692EA3D7F}.Debug|Any CPU.ActiveCfg = Debug|Any CPU
		{FBDA2577-4912-453E-9982-0E5692EA3D7F}.Debug|Any CPU.Build.0 = Debug|Any CPU
		{FBDA2577-4912-453E-9982-0E5692EA3D7F}.Release|Any CPU.ActiveCfg = Release|Any CPU
		{FBDA2577-4912-453E-9982-0E5692EA3D7F}.Release|Any CPU.Build.0 = Release|Any CPU
	EndGlobalSection
	GlobalSection(SolutionProperties) = preSolution
		HideSolutionNode = FALSE
	EndGlobalSection
	GlobalSection(ExtensibilityGlobals) = postSolution
		SolutionGuid = {2297F5DA-5613-4600-8E12-EEEC7ECE8669}
	EndGlobalSection
EndGlobal
